
Microsoft Visual Studio Solution File, Format Version 12.00
# Visual Studio Version 16
VisualStudioVersion = 16.0.30709.64
MinimumVisualStudioVersion = 10.0.40219.1
Project("{FAE04EC0-301F-11D3-BF4B-00C04F79EFBC}") = "WebApplication1", "WebApplication1\WebApplication1.csproj", "{CA9D1D2F-938F-46EE-8DC8-1210743AD178}"
EndProject
Project("{FAE04EC0-301F-11D3-BF4B-00C04F79EFBC}") = "Service", "Service\Service.csproj", "{CDA27BC0-36A9-43B7-B531-1463910D682D}"
EndProject
Global
	GlobalSection(SolutionConfigurationPlatforms) = preSolution
		Debug|Any CPU = Debug|Any CPU
		Release|Any CPU = Release|Any CPU
	EndGlobalSection
	GlobalSection(ProjectConfigurationPlatforms) = postSolution
		{CA9D1D2F-938F-46EE-8DC8-1210743AD178}.Debug|Any CPU.ActiveCfg = Debug|Any CPU
		{CA9D1D2F-938F-46EE-8DC8-1210743AD178}.Debug|Any CPU.Build.0 = Debug|Any CPU
		{CA9D1D2F-938F-46EE-8DC8-1210743AD178}.Release|Any CPU.ActiveCfg = Release|Any CPU
		{CA9D1D2F-938F-46EE-8DC8-1210743AD178}.Release|Any CPU.Build.0 = Release|Any CPU
		{CDA27BC0-36A9-43B7-B531-1463910D682D}.Debug|Any CPU.ActiveCfg = Debug|Any CPU
		{CDA27BC0-36A9-43B7-B531-1463910D682D}.Debug|Any CPU.Build.0 = Debug|Any CPU
		{CDA27BC0-36A9-43B7-B531-1463910D682D}.Release|Any CPU.ActiveCfg = Release|Any CPU
		{CDA27BC0-36A9-43B7-B531-1463910D682D}.Release|Any CPU.Build.0 = Release|Any CPU
	EndGlobalSection
	GlobalSection(SolutionProperties) = preSolution
		HideSolutionNode = FALSE
	EndGlobalSection
	GlobalSection(ExtensibilityGlobals) = postSolution
		SolutionGuid = {5D39BAB5-2FE0-47BC-9150-DD41F14E9A53}
	EndGlobalSection
EndGlobal
